
Microsoft Visual Studio Solution File, Format Version 12.00
# Visual Studio Version 17
VisualStudioVersion = 17.13.35818.85 d17.13
MinimumVisualStudioVersion = 10.0.40219.1
Project("{FAE04EC0-301F-11D3-BF4B-00C04F79EFBC}") = "SoftwareMind.Backend.Employees.API", "SoftwareMind.Backend.Employees.API\SoftwareMind.Backend.Employees.API.csproj", "{B964CB32-162C-4A75-9C37-C50E63C2CD82}"
EndProject
Global
	GlobalSection(SolutionConfigurationPlatforms) = preSolution
		Debug|Any CPU = Debug|Any CPU
		Release|Any CPU = Release|Any CPU
	EndGlobalSection
	GlobalSection(ProjectConfigurationPlatforms) = postSolution
		{B964CB32-162C-4A75-9C37-C50E63C2CD82}.Debug|Any CPU.ActiveCfg = Debug|Any CPU
		{B964CB32-162C-4A75-9C37-C50E63C2CD82}.Debug|Any CPU.Build.0 = Debug|Any CPU
		{B964CB32-162C-4A75-9C37-C50E63C2CD82}.Release|Any CPU.ActiveCfg = Release|Any CPU
		{B964CB32-162C-4A75-9C37-C50E63C2CD82}.Release|Any CPU.Build.0 = Release|Any CPU
	EndGlobalSection
	GlobalSection(SolutionProperties) = preSolution
		HideSolutionNode = FALSE
	EndGlobalSection
	GlobalSection(ExtensibilityGlobals) = postSolution
		SolutionGuid = {50A9DA6C-504F-4E26-BB10-358AA8935621}
	EndGlobalSection
EndGlobal
